// !$*UTF8*$!
{
	archiveVersion = 1;
	classes = {
	};
	objectVersion = 56;
	objects = {

/* Begin PBXBuildFile section */
		9307499B28E5DD13004555A2 /* LaunchView.swift in Sources */ = {isa = PBXBuildFile; fileRef = 9307499A28E5DD13004555A2 /* LaunchView.swift */; };
		930A47BF28E5669700391DA5 /* MotionExt.swift in Sources */ = {isa = PBXBuildFile; fileRef = 930A47BE28E5669700391DA5 /* MotionExt.swift */; };
		930A47C328E569A600391DA5 /* HomeView.swift in Sources */ = {isa = PBXBuildFile; fileRef = 930A47C228E569A600391DA5 /* HomeView.swift */; };
		930A47C628E56A7200391DA5 /* SearchView.swift in Sources */ = {isa = PBXBuildFile; fileRef = 930A47C528E56A7200391DA5 /* SearchView.swift */; };
		930A47C928E56A9000391DA5 /* OfferView.swift in Sources */ = {isa = PBXBuildFile; fileRef = 930A47C828E56A9000391DA5 /* OfferView.swift */; };
		930A47CC28E56AAC00391DA5 /* ProfileView.swift in Sources */ = {isa = PBXBuildFile; fileRef = 930A47CB28E56AAC00391DA5 /* ProfileView.swift */; };
		930F22D029C1832C005B194E /* FoodModel.swift in Sources */ = {isa = PBXBuildFile; fileRef = 930F22CF29C1832C005B194E /* FoodModel.swift */; };
		935A7E1428E541C600C19115 /* AppMain.swift in Sources */ = {isa = PBXBuildFile; fileRef = 935A7E1328E541C600C19115 /* AppMain.swift */; };
		935A7E1628E541C600C19115 /* MainView.swift in Sources */ = {isa = PBXBuildFile; fileRef = 935A7E1528E541C600C19115 /* MainView.swift */; };
		935A7E1828E541C800C19115 /* Assets.xcassets in Resources */ = {isa = PBXBuildFile; fileRef = 935A7E1728E541C800C19115 /* Assets.xcassets */; };
		93619D4128E6633900CAE586 /* LoginView.swift in Sources */ = {isa = PBXBuildFile; fileRef = 93619D4028E6633900CAE586 /* LoginView.swift */; };
		93619D4428E6A07E00CAE586 /* RadioButton.swift in Sources */ = {isa = PBXBuildFile; fileRef = 93619D4328E6A07E00CAE586 /* RadioButton.swift */; };
		9370EE0929C02F8B000E47EB /* ViewExt.swift in Sources */ = {isa = PBXBuildFile; fileRef = 9370EE0829C02F8B000E47EB /* ViewExt.swift */; };
		9370EE0C29C0367F000E47EB /* ColorExt.swift in Sources */ = {isa = PBXBuildFile; fileRef = 9370EE0B29C0367F000E47EB /* ColorExt.swift */; };
		9370EE0E29C0369D000E47EB /* DeviceExt.swift in Sources */ = {isa = PBXBuildFile; fileRef = 9370EE0D29C0369D000E47EB /* DeviceExt.swift */; };
		9370EE1229C07EAA000E47EB /* TextExt.swift in Sources */ = {isa = PBXBuildFile; fileRef = 9370EE1129C07EAA000E47EB /* TextExt.swift */; };
		93D6494428EB22B4003CC35D /* SearchState.swift in Sources */ = {isa = PBXBuildFile; fileRef = 93D6494328EB22B4003CC35D /* SearchState.swift */; };
		93F631DD29C0A2B700CBA643 /* Constants.swift in Sources */ = {isa = PBXBuildFile; fileRef = 93F631DC29C0A2B700CBA643 /* Constants.swift */; };
		93F631DF29C0A2D300CBA643 /* Request.swift in Sources */ = {isa = PBXBuildFile; fileRef = 93F631DE29C0A2D300CBA643 /* Request.swift */; };
		93F631E229C0A2E300CBA643 /* Alamofire in Frameworks */ = {isa = PBXBuildFile; productRef = 93F631E129C0A2E300CBA643 /* Alamofire */; };
		93F631E429C13B7200CBA643 /* TextField.swift in Sources */ = {isa = PBXBuildFile; fileRef = 93F631E329C13B7200CBA643 /* TextField.swift */; };
		93F631E629C13C7100CBA643 /* OfferModel.swift in Sources */ = {isa = PBXBuildFile; fileRef = 93F631E529C13C7100CBA643 /* OfferModel.swift */; };
/* End PBXBuildFile section */

/* Begin PBXFileReference section */
		9307499A28E5DD13004555A2 /* LaunchView.swift */ = {isa = PBXFileReference; lastKnownFileType = sourcecode.swift; path = LaunchView.swift; sourceTree = "<group>"; };
		930A47BE28E5669700391DA5 /* MotionExt.swift */ = {isa = PBXFileReference; lastKnownFileType = sourcecode.swift; path = MotionExt.swift; sourceTree = "<group>"; };
		930A47C228E569A600391DA5 /* HomeView.swift */ = {isa = PBXFileReference; lastKnownFileType = sourcecode.swift; path = HomeView.swift; sourceTree = "<group>"; };
		930A47C528E56A7200391DA5 /* SearchView.swift */ = {isa = PBXFileReference; lastKnownFileType = sourcecode.swift; path = SearchView.swift; sourceTree = "<group>"; };
		930A47C828E56A9000391DA5 /* OfferView.swift */ = {isa = PBXFileReference; lastKnownFileType = sourcecode.swift; path = OfferView.swift; sourceTree = "<group>"; };
		930A47CB28E56AAC00391DA5 /* ProfileView.swift */ = {isa = PBXFileReference; lastKnownFileType = sourcecode.swift; path = ProfileView.swift; sourceTree = "<group>"; };
		930F22CF29C1832C005B194E /* FoodModel.swift */ = {isa = PBXFileReference; lastKnownFileType = sourcecode.swift; name = FoodModel.swift; path = ../../../../../../../Downloads/FoodModel.swift; sourceTree = "<group>"; };
		935A7E1028E541C600C19115 /* eatitdog.app */ = {isa = PBXFileReference; explicitFileType = wrapper.application; includeInIndex = 0; path = eatitdog.app; sourceTree = BUILT_PRODUCTS_DIR; };
		935A7E1328E541C600C19115 /* AppMain.swift */ = {isa = PBXFileReference; lastKnownFileType = sourcecode.swift; path = AppMain.swift; sourceTree = "<group>"; };
		935A7E1528E541C600C19115 /* MainView.swift */ = {isa = PBXFileReference; lastKnownFileType = sourcecode.swift; path = MainView.swift; sourceTree = "<group>"; };
		935A7E1728E541C800C19115 /* Assets.xcassets */ = {isa = PBXFileReference; lastKnownFileType = folder.assetcatalog; path = Assets.xcassets; sourceTree = "<group>"; };
		93619D4028E6633900CAE586 /* LoginView.swift */ = {isa = PBXFileReference; lastKnownFileType = sourcecode.swift; path = LoginView.swift; sourceTree = "<group>"; };
		93619D4328E6A07E00CAE586 /* RadioButton.swift */ = {isa = PBXFileReference; lastKnownFileType = sourcecode.swift; path = RadioButton.swift; sourceTree = "<group>"; };
		9370EE0829C02F8B000E47EB /* ViewExt.swift */ = {isa = PBXFileReference; lastKnownFileType = sourcecode.swift; path = ViewExt.swift; sourceTree = "<group>"; };
		9370EE0B29C0367F000E47EB /* ColorExt.swift */ = {isa = PBXFileReference; lastKnownFileType = sourcecode.swift; path = ColorExt.swift; sourceTree = "<group>"; };
		9370EE0D29C0369D000E47EB /* DeviceExt.swift */ = {isa = PBXFileReference; lastKnownFileType = sourcecode.swift; path = DeviceExt.swift; sourceTree = "<group>"; };
		9370EE1029C03791000E47EB /* README.md */ = {isa = PBXFileReference; lastKnownFileType = net.daringfireball.markdown; path = README.md; sourceTree = "<group>"; };
		9370EE1129C07EAA000E47EB /* TextExt.swift */ = {isa = PBXFileReference; lastKnownFileType = sourcecode.swift; path = TextExt.swift; sourceTree = "<group>"; };
		93D6494328EB22B4003CC35D /* SearchState.swift */ = {isa = PBXFileReference; lastKnownFileType = sourcecode.swift; path = SearchState.swift; sourceTree = "<group>"; };
		93F631DC29C0A2B700CBA643 /* Constants.swift */ = {isa = PBXFileReference; lastKnownFileType = sourcecode.swift; path = Constants.swift; sourceTree = "<group>"; };
		93F631DE29C0A2D300CBA643 /* Request.swift */ = {isa = PBXFileReference; lastKnownFileType = sourcecode.swift; path = Request.swift; sourceTree = "<group>"; };
		93F631E329C13B7200CBA643 /* TextField.swift */ = {isa = PBXFileReference; lastKnownFileType = sourcecode.swift; path = TextField.swift; sourceTree = "<group>"; };
		93F631E529C13C7100CBA643 /* OfferModel.swift */ = {isa = PBXFileReference; lastKnownFileType = sourcecode.swift; path = OfferModel.swift; sourceTree = "<group>"; };
/* End PBXFileReference section */

/* Begin PBXFrameworksBuildPhase section */
		935A7E0D28E541C600C19115 /* Frameworks */ = {
			isa = PBXFrameworksBuildPhase;
			buildActionMask = 2147483647;
			files = (
				93F631E229C0A2E300CBA643 /* Alamofire in Frameworks */,
			);
			runOnlyForDeploymentPostprocessing = 0;
		};
/* End PBXFrameworksBuildPhase section */

/* Begin PBXGroup section */
		930A47C028E5699400391DA5 /* Sources */ = {
			isa = PBXGroup;
			children = (
				930F22CD29C18302005B194E /* Models */,
				930F22CE29C1830A005B194E /* Views */,
			);
			path = Sources;
			sourceTree = "<group>";
		};
		930A47C128E5699C00391DA5 /* Home */ = {
			isa = PBXGroup;
			children = (
				930A47C228E569A600391DA5 /* HomeView.swift */,
			);
			path = Home;
			sourceTree = "<group>";
		};
		930A47C428E56A6700391DA5 /* Search */ = {
			isa = PBXGroup;
			children = (
				930A47C528E56A7200391DA5 /* SearchView.swift */,
				93D6494328EB22B4003CC35D /* SearchState.swift */,
			);
			path = Search;
			sourceTree = "<group>";
		};
		930A47C728E56A8900391DA5 /* Offer */ = {
			isa = PBXGroup;
			children = (
				930A47C828E56A9000391DA5 /* OfferView.swift */,
				93F631E529C13C7100CBA643 /* OfferModel.swift */,
			);
			path = Offer;
			sourceTree = "<group>";
		};
		930A47CA28E56AA000391DA5 /* Profile */ = {
			isa = PBXGroup;
			children = (
				930A47CB28E56AAC00391DA5 /* ProfileView.swift */,
			);
			path = Profile;
			sourceTree = "<group>";
		};
		930F22CD29C18302005B194E /* Models */ = {
			isa = PBXGroup;
			children = (
				930F22CF29C1832C005B194E /* FoodModel.swift */,
			);
			path = Models;
			sourceTree = "<group>";
		};
		930F22CE29C1830A005B194E /* Views */ = {
			isa = PBXGroup;
			children = (
				9307499A28E5DD13004555A2 /* LaunchView.swift */,
				9370EE0F29C036F3000E47EB /* Main */,
			);
			path = Views;
			sourceTree = "<group>";
		};
		935A7E0728E541C600C19115 = {
			isa = PBXGroup;
			children = (
				9370EE1029C03791000E47EB /* README.md */,
				935A7E1228E541C600C19115 /* eatitdog */,
				935A7E1128E541C600C19115 /* Products */,
			);
			sourceTree = "<group>";
		};
		935A7E1128E541C600C19115 /* Products */ = {
			isa = PBXGroup;
			children = (
				935A7E1028E541C600C19115 /* eatitdog.app */,
			);
			name = Products;
			sourceTree = "<group>";
		};
		935A7E1228E541C600C19115 /* eatitdog */ = {
			isa = PBXGroup;
			children = (
				9370EE0429C02F61000E47EB /* Resources */,
				930A47C028E5699400391DA5 /* Sources */,
				935A7E1928E541C800C19115 /* Preview Content */,
			);
			path = eatitdog;
			sourceTree = "<group>";
		};
		935A7E1928E541C800C19115 /* Preview Content */ = {
			isa = PBXGroup;
			children = (
			);
			path = "Preview Content";
			sourceTree = "<group>";
		};
		93619D3F28E6632E00CAE586 /* Login */ = {
			isa = PBXGroup;
			children = (
				93619D4028E6633900CAE586 /* LoginView.swift */,
			);
			path = Login;
			sourceTree = "<group>";
		};
		9370EE0429C02F61000E47EB /* Resources */ = {
			isa = PBXGroup;
			children = (
				935A7E1328E541C600C19115 /* AppMain.swift */,
				935A7E1728E541C800C19115 /* Assets.xcassets */,
				93F631DB29C09C3200CBA643 /* Network */,
				9370EE0529C02F6D000E47EB /* Extensions */,
				9370EE0A29C03036000E47EB /* Components */,
			);
			path = Resources;
			sourceTree = "<group>";
		};
		9370EE0529C02F6D000E47EB /* Extensions */ = {
			isa = PBXGroup;
			children = (
				9370EE0729C02F81000E47EB /* Foundation */,
				9370EE0629C02F7B000E47EB /* SwiftUI */,
			);
			path = Extensions;
			sourceTree = "<group>";
		};
		9370EE0629C02F7B000E47EB /* SwiftUI */ = {
			isa = PBXGroup;
			children = (
				9370EE0829C02F8B000E47EB /* ViewExt.swift */,
				9370EE0B29C0367F000E47EB /* ColorExt.swift */,
				9370EE1129C07EAA000E47EB /* TextExt.swift */,
			);
			path = SwiftUI;
			sourceTree = "<group>";
		};
		9370EE0729C02F81000E47EB /* Foundation */ = {
			isa = PBXGroup;
			children = (
				9370EE0D29C0369D000E47EB /* DeviceExt.swift */,
				930A47BE28E5669700391DA5 /* MotionExt.swift */,
			);
			path = Foundation;
			sourceTree = "<group>";
		};
		9370EE0A29C03036000E47EB /* Components */ = {
			isa = PBXGroup;
			children = (
				93619D4328E6A07E00CAE586 /* RadioButton.swift */,
				93F631E329C13B7200CBA643 /* TextField.swift */,
			);
			path = Components;
			sourceTree = "<group>";
		};
		9370EE0F29C036F3000E47EB /* Main */ = {
			isa = PBXGroup;
			children = (
				935A7E1528E541C600C19115 /* MainView.swift */,
				93619D3F28E6632E00CAE586 /* Login */,
				930A47C428E56A6700391DA5 /* Search */,
				930A47C128E5699C00391DA5 /* Home */,
				930A47C728E56A8900391DA5 /* Offer */,
				930A47CA28E56AA000391DA5 /* Profile */,
			);
			path = Main;
			sourceTree = "<group>";
		};
		93F631DB29C09C3200CBA643 /* Network */ = {
			isa = PBXGroup;
			children = (
				93F631DC29C0A2B700CBA643 /* Constants.swift */,
				93F631DE29C0A2D300CBA643 /* Request.swift */,
			);
			path = Network;
			sourceTree = "<group>";
		};
/* End PBXGroup section */

/* Begin PBXNativeTarget section */
		935A7E0F28E541C600C19115 /* eatitdog */ = {
			isa = PBXNativeTarget;
			buildConfigurationList = 935A7E3428E541C800C19115 /* Build configuration list for PBXNativeTarget "eatitdog" */;
			buildPhases = (
				935A7E0C28E541C600C19115 /* Sources */,
				935A7E0D28E541C600C19115 /* Frameworks */,
				935A7E0E28E541C600C19115 /* Resources */,
			);
			buildRules = (
			);
			dependencies = (
			);
			name = eatitdog;
			packageProductDependencies = (
				93F631E129C0A2E300CBA643 /* Alamofire */,
			);
			productName = "EAT-IT-DOG";
			productReference = 935A7E1028E541C600C19115 /* eatitdog.app */;
			productType = "com.apple.product-type.application";
		};
/* End PBXNativeTarget section */

/* Begin PBXProject section */
		935A7E0828E541C600C19115 /* Project object */ = {
			isa = PBXProject;
			attributes = {
				BuildIndependentTargetsInParallel = 1;
				LastSwiftUpdateCheck = 1400;
				LastUpgradeCheck = 1400;
				TargetAttributes = {
					935A7E0F28E541C600C19115 = {
						CreatedOnToolsVersion = 14.0;
					};
				};
			};
			buildConfigurationList = 935A7E0B28E541C600C19115 /* Build configuration list for PBXProject "eatitdog" */;
			compatibilityVersion = "Xcode 14.0";
			developmentRegion = en;
			hasScannedForEncodings = 0;
			knownRegions = (
				en,
				Base,
			);
			mainGroup = 935A7E0728E541C600C19115;
			packageReferences = (
				93F631E029C0A2E300CBA643 /* XCRemoteSwiftPackageReference "Alamofire" */,
			);
			productRefGroup = 935A7E1128E541C600C19115 /* Products */;
			projectDirPath = "";
			projectRoot = "";
			targets = (
				935A7E0F28E541C600C19115 /* eatitdog */,
			);
		};
/* End PBXProject section */

/* Begin PBXResourcesBuildPhase section */
		935A7E0E28E541C600C19115 /* Resources */ = {
			isa = PBXResourcesBuildPhase;
			buildActionMask = 2147483647;
			files = (
				935A7E1828E541C800C19115 /* Assets.xcassets in Resources */,
			);
			runOnlyForDeploymentPostprocessing = 0;
		};
/* End PBXResourcesBuildPhase section */

/* Begin PBXSourcesBuildPhase section */
		935A7E0C28E541C600C19115 /* Sources */ = {
			isa = PBXSourcesBuildPhase;
			buildActionMask = 2147483647;
			files = (
				930A47CC28E56AAC00391DA5 /* ProfileView.swift in Sources */,
				9307499B28E5DD13004555A2 /* LaunchView.swift in Sources */,
				93D6494428EB22B4003CC35D /* SearchState.swift in Sources */,
				935A7E1628E541C600C19115 /* MainView.swift in Sources */,
				93619D4428E6A07E00CAE586 /* RadioButton.swift in Sources */,
				9370EE0E29C0369D000E47EB /* DeviceExt.swift in Sources */,
				9370EE1229C07EAA000E47EB /* TextExt.swift in Sources */,
				93F631DF29C0A2D300CBA643 /* Request.swift in Sources */,
				93F631DD29C0A2B700CBA643 /* Constants.swift in Sources */,
				930A47C928E56A9000391DA5 /* OfferView.swift in Sources */,
				9370EE0929C02F8B000E47EB /* ViewExt.swift in Sources */,
				930A47BF28E5669700391DA5 /* MotionExt.swift in Sources */,
				930A47C328E569A600391DA5 /* HomeView.swift in Sources */,
				93F631E629C13C7100CBA643 /* OfferModel.swift in Sources */,
				93619D4128E6633900CAE586 /* LoginView.swift in Sources */,
				930F22D029C1832C005B194E /* FoodModel.swift in Sources */,
				930A47C628E56A7200391DA5 /* SearchView.swift in Sources */,
				93F631E429C13B7200CBA643 /* TextField.swift in Sources */,
				935A7E1428E541C600C19115 /* AppMain.swift in Sources */,
				9370EE0C29C0367F000E47EB /* ColorExt.swift in Sources */,
			);
			runOnlyForDeploymentPostprocessing = 0;
		};
/* End PBXSourcesBuildPhase section */

/* Begin XCBuildConfiguration section */
		935A7E3228E541C800C19115 /* Debug */ = {
			isa = XCBuildConfiguration;
			buildSettings = {
				ALWAYS_SEARCH_USER_PATHS = NO;
				CLANG_ANALYZER_NONNULL = YES;
				CLANG_ANALYZER_NUMBER_OBJECT_CONVERSION = YES_AGGRESSIVE;
				CLANG_CXX_LANGUAGE_STANDARD = "gnu++20";
				CLANG_ENABLE_MODULES = YES;
				CLANG_ENABLE_OBJC_ARC = YES;
				CLANG_ENABLE_OBJC_WEAK = YES;
				CLANG_WARN_BLOCK_CAPTURE_AUTORELEASING = YES;
				CLANG_WARN_BOOL_CONVERSION = YES;
				CLANG_WARN_COMMA = YES;
				CLANG_WARN_CONSTANT_CONVERSION = YES;
				CLANG_WARN_DEPRECATED_OBJC_IMPLEMENTATIONS = YES;
				CLANG_WARN_DIRECT_OBJC_ISA_USAGE = YES_ERROR;
				CLANG_WARN_DOCUMENTATION_COMMENTS = YES;
				CLANG_WARN_EMPTY_BODY = YES;
				CLANG_WARN_ENUM_CONVERSION = YES;
				CLANG_WARN_INFINITE_RECURSION = YES;
				CLANG_WARN_INT_CONVERSION = YES;
				CLANG_WARN_NON_LITERAL_NULL_CONVERSION = YES;
				CLANG_WARN_OBJC_IMPLICIT_RETAIN_SELF = YES;
				CLANG_WARN_OBJC_LITERAL_CONVERSION = YES;
				CLANG_WARN_OBJC_ROOT_CLASS = YES_ERROR;
				CLANG_WARN_QUOTED_INCLUDE_IN_FRAMEWORK_HEADER = YES;
				CLANG_WARN_RANGE_LOOP_ANALYSIS = YES;
				CLANG_WARN_STRICT_PROTOTYPES = YES;
				CLANG_WARN_SUSPICIOUS_MOVE = YES;
				CLANG_WARN_UNGUARDED_AVAILABILITY = YES_AGGRESSIVE;
				CLANG_WARN_UNREACHABLE_CODE = YES;
				CLANG_WARN__DUPLICATE_METHOD_MATCH = YES;
				COPY_PHASE_STRIP = NO;
				DEBUG_INFORMATION_FORMAT = dwarf;
				ENABLE_STRICT_OBJC_MSGSEND = YES;
				ENABLE_TESTABILITY = YES;
				GCC_C_LANGUAGE_STANDARD = gnu11;
				GCC_DYNAMIC_NO_PIC = NO;
				GCC_NO_COMMON_BLOCKS = YES;
				GCC_OPTIMIZATION_LEVEL = 0;
				GCC_PREPROCESSOR_DEFINITIONS = (
					"DEBUG=1",
					"$(inherited)",
				);
				GCC_WARN_64_TO_32_BIT_CONVERSION = YES;
				GCC_WARN_ABOUT_RETURN_TYPE = YES_ERROR;
				GCC_WARN_UNDECLARED_SELECTOR = YES;
				GCC_WARN_UNINITIALIZED_AUTOS = YES_AGGRESSIVE;
				GCC_WARN_UNUSED_FUNCTION = YES;
				GCC_WARN_UNUSED_VARIABLE = YES;
				IPHONEOS_DEPLOYMENT_TARGET = 14.0;
				MTL_ENABLE_DEBUG_INFO = INCLUDE_SOURCE;
				MTL_FAST_MATH = YES;
				ONLY_ACTIVE_ARCH = YES;
				SDKROOT = iphoneos;
				SWIFT_ACTIVE_COMPILATION_CONDITIONS = DEBUG;
				SWIFT_OPTIMIZATION_LEVEL = "-Onone";
			};
			name = Debug;
		};
		935A7E3328E541C800C19115 /* Release */ = {
			isa = XCBuildConfiguration;
			buildSettings = {
				ALWAYS_SEARCH_USER_PATHS = NO;
				CLANG_ANALYZER_NONNULL = YES;
				CLANG_ANALYZER_NUMBER_OBJECT_CONVERSION = YES_AGGRESSIVE;
				CLANG_CXX_LANGUAGE_STANDARD = "gnu++20";
				CLANG_ENABLE_MODULES = YES;
				CLANG_ENABLE_OBJC_ARC = YES;
				CLANG_ENABLE_OBJC_WEAK = YES;
				CLANG_WARN_BLOCK_CAPTURE_AUTORELEASING = YES;
				CLANG_WARN_BOOL_CONVERSION = YES;
				CLANG_WARN_COMMA = YES;
				CLANG_WARN_CONSTANT_CONVERSION = YES;
				CLANG_WARN_DEPRECATED_OBJC_IMPLEMENTATIONS = YES;
				CLANG_WARN_DIRECT_OBJC_ISA_USAGE = YES_ERROR;
				CLANG_WARN_DOCUMENTATION_COMMENTS = YES;
				CLANG_WARN_EMPTY_BODY = YES;
				CLANG_WARN_ENUM_CONVERSION = YES;
				CLANG_WARN_INFINITE_RECURSION = YES;
				CLANG_WARN_INT_CONVERSION = YES;
				CLANG_WARN_NON_LITERAL_NULL_CONVERSION = YES;
				CLANG_WARN_OBJC_IMPLICIT_RETAIN_SELF = YES;
				CLANG_WARN_OBJC_LITERAL_CONVERSION = YES;
				CLANG_WARN_OBJC_ROOT_CLASS = YES_ERROR;
				CLANG_WARN_QUOTED_INCLUDE_IN_FRAMEWORK_HEADER = YES;
				CLANG_WARN_RANGE_LOOP_ANALYSIS = YES;
				CLANG_WARN_STRICT_PROTOTYPES = YES;
				CLANG_WARN_SUSPICIOUS_MOVE = YES;
				CLANG_WARN_UNGUARDED_AVAILABILITY = YES_AGGRESSIVE;
				CLANG_WARN_UNREACHABLE_CODE = YES;
				CLANG_WARN__DUPLICATE_METHOD_MATCH = YES;
				COPY_PHASE_STRIP = NO;
				DEBUG_INFORMATION_FORMAT = "dwarf-with-dsym";
				ENABLE_NS_ASSERTIONS = NO;
				ENABLE_STRICT_OBJC_MSGSEND = YES;
				GCC_C_LANGUAGE_STANDARD = gnu11;
				GCC_NO_COMMON_BLOCKS = YES;
				GCC_WARN_64_TO_32_BIT_CONVERSION = YES;
				GCC_WARN_ABOUT_RETURN_TYPE = YES_ERROR;
				GCC_WARN_UNDECLARED_SELECTOR = YES;
				GCC_WARN_UNINITIALIZED_AUTOS = YES_AGGRESSIVE;
				GCC_WARN_UNUSED_FUNCTION = YES;
				GCC_WARN_UNUSED_VARIABLE = YES;
				IPHONEOS_DEPLOYMENT_TARGET = 14.0;
				MTL_ENABLE_DEBUG_INFO = NO;
				MTL_FAST_MATH = YES;
				SDKROOT = iphoneos;
				SWIFT_COMPILATION_MODE = wholemodule;
				SWIFT_OPTIMIZATION_LEVEL = "-O";
				VALIDATE_PRODUCT = YES;
			};
			name = Release;
		};
		935A7E3528E541C800C19115 /* Debug */ = {
			isa = XCBuildConfiguration;
			buildSettings = {
				ASSETCATALOG_COMPILER_APPICON_NAME = AppIcon;
				ASSETCATALOG_COMPILER_GLOBAL_ACCENT_COLOR_NAME = AccentColor;
				CODE_SIGN_STYLE = Automatic;
				CURRENT_PROJECT_VERSION = 1;
				DEVELOPMENT_ASSET_PATHS = "\"eatitdog/Preview Content\"";
				DEVELOPMENT_TEAM = 56V747V83R;
				ENABLE_PREVIEWS = YES;
				GENERATE_INFOPLIST_FILE = YES;
				INFOPLIST_KEY_CFBundleDisplayName = "먹어보시개";
				INFOPLIST_KEY_UIApplicationSceneManifest_Generation = YES;
				INFOPLIST_KEY_UIApplicationSupportsIndirectInputEvents = YES;
				INFOPLIST_KEY_UILaunchScreen_Generation = YES;
				INFOPLIST_KEY_UISupportedInterfaceOrientations = UIInterfaceOrientationPortrait;
				INFOPLIST_KEY_UIUserInterfaceStyle = Light;
				IPHONEOS_DEPLOYMENT_TARGET = 14.0;
				LD_RUNPATH_SEARCH_PATHS = (
					"$(inherited)",
					"@executable_path/Frameworks",
				);
				MARKETING_VERSION = 1.0;
				PRODUCT_BUNDLE_IDENTIFIER = net.mercen.eatitdog;
				PRODUCT_NAME = "$(TARGET_NAME)";
				SUPPORTED_PLATFORMS = "iphoneos iphonesimulator";
				SUPPORTS_MACCATALYST = NO;
				SUPPORTS_MAC_DESIGNED_FOR_IPHONE_IPAD = YES;
				SWIFT_EMIT_LOC_STRINGS = YES;
				SWIFT_VERSION = 5.0;
				TARGETED_DEVICE_FAMILY = 1;
			};
			name = Debug;
		};
		935A7E3628E541C800C19115 /* Release */ = {
			isa = XCBuildConfiguration;
			buildSettings = {
				ASSETCATALOG_COMPILER_APPICON_NAME = AppIcon;
				ASSETCATALOG_COMPILER_GLOBAL_ACCENT_COLOR_NAME = AccentColor;
				CODE_SIGN_STYLE = Automatic;
				CURRENT_PROJECT_VERSION = 1;
				DEVELOPMENT_ASSET_PATHS = "\"eatitdog/Preview Content\"";
				DEVELOPMENT_TEAM = 56V747V83R;
				ENABLE_PREVIEWS = YES;
				GENERATE_INFOPLIST_FILE = YES;
				INFOPLIST_KEY_CFBundleDisplayName = "먹어보시개";
				INFOPLIST_KEY_UIApplicationSceneManifest_Generation = YES;
				INFOPLIST_KEY_UIApplicationSupportsIndirectInputEvents = YES;
				INFOPLIST_KEY_UILaunchScreen_Generation = YES;
				INFOPLIST_KEY_UISupportedInterfaceOrientations = UIInterfaceOrientationPortrait;
				INFOPLIST_KEY_UIUserInterfaceStyle = Light;
				IPHONEOS_DEPLOYMENT_TARGET = 14.0;
				LD_RUNPATH_SEARCH_PATHS = (
					"$(inherited)",
					"@executable_path/Frameworks",
				);
				MARKETING_VERSION = 1.0;
				PRODUCT_BUNDLE_IDENTIFIER = net.mercen.eatitdog;
				PRODUCT_NAME = "$(TARGET_NAME)";
				SUPPORTED_PLATFORMS = "iphoneos iphonesimulator";
				SUPPORTS_MACCATALYST = NO;
				SUPPORTS_MAC_DESIGNED_FOR_IPHONE_IPAD = YES;
				SWIFT_EMIT_LOC_STRINGS = YES;
				SWIFT_VERSION = 5.0;
				TARGETED_DEVICE_FAMILY = 1;
			};
			name = Release;
		};
/* End XCBuildConfiguration section */

/* Begin XCConfigurationList section */
		935A7E0B28E541C600C19115 /* Build configuration list for PBXProject "eatitdog" */ = {
			isa = XCConfigurationList;
			buildConfigurations = (
				935A7E3228E541C800C19115 /* Debug */,
				935A7E3328E541C800C19115 /* Release */,
			);
			defaultConfigurationIsVisible = 0;
			defaultConfigurationName = Release;
		};
		935A7E3428E541C800C19115 /* Build configuration list for PBXNativeTarget "eatitdog" */ = {
			isa = XCConfigurationList;
			buildConfigurations = (
				935A7E3528E541C800C19115 /* Debug */,
				935A7E3628E541C800C19115 /* Release */,
			);
			defaultConfigurationIsVisible = 0;
			defaultConfigurationName = Release;
		};
/* End XCConfigurationList section */

/* Begin XCRemoteSwiftPackageReference section */
		93F631E029C0A2E300CBA643 /* XCRemoteSwiftPackageReference "Alamofire" */ = {
			isa = XCRemoteSwiftPackageReference;
			repositoryURL = "https://github.com/Alamofire/Alamofire";
			requirement = {
				branch = master;
				kind = branch;
			};
		};
/* End XCRemoteSwiftPackageReference section */

/* Begin XCSwiftPackageProductDependency section */
		93F631E129C0A2E300CBA643 /* Alamofire */ = {
			isa = XCSwiftPackageProductDependency;
			package = 93F631E029C0A2E300CBA643 /* XCRemoteSwiftPackageReference "Alamofire" */;
			productName = Alamofire;
		};
/* End XCSwiftPackageProductDependency section */
	};
	rootObject = 935A7E0828E541C600C19115 /* Project object */;
}
